// !$*UTF8*$!
{
	archiveVersion = 1;
	classes = {
	};
	objectVersion = 56;
	objects = {

/* Begin PBXBuildFile section */
		7F5955F02A2E8AD40062A85F /* Car.swift in Sources */ = {isa = PBXBuildFile; fileRef = 7F5955EF2A2E8AD40062A85F /* Car.swift */; };
		7F5955F32A2E8B210062A85F /* Realm in Frameworks */ = {isa = PBXBuildFile; productRef = 7F5955F22A2E8B210062A85F /* Realm */; };
		7F5955F52A2E8B210062A85F /* RealmSwift in Frameworks */ = {isa = PBXBuildFile; productRef = 7F5955F42A2E8B210062A85F /* RealmSwift */; };
		7F5955F72A2E8C200062A85F /* Document.swift in Sources */ = {isa = PBXBuildFile; fileRef = 7F5955F62A2E8C200062A85F /* Document.swift */; };
		7F5955FB2A2E8D420062A85F /* DocumentType.swift in Sources */ = {isa = PBXBuildFile; fileRef = 7F5955FA2A2E8D420062A85F /* DocumentType.swift */; };
		7F5955FD2A2E92560062A85F /* Service.swift in Sources */ = {isa = PBXBuildFile; fileRef = 7F5955FC2A2E92560062A85F /* Service.swift */; };
		7F5955FF2A2E93BA0062A85F /* Record.swift in Sources */ = {isa = PBXBuildFile; fileRef = 7F5955FE2A2E93BA0062A85F /* Record.swift */; };
		7F5956012A2E95F10062A85F /* ServiceType.swift in Sources */ = {isa = PBXBuildFile; fileRef = 7F5956002A2E95F10062A85F /* ServiceType.swift */; };
		7F6F6A252A2E8521003F7DF2 /* AppDelegate.swift in Sources */ = {isa = PBXBuildFile; fileRef = 7F6F6A242A2E8521003F7DF2 /* AppDelegate.swift */; };
		7F6F6A272A2E8521003F7DF2 /* SceneDelegate.swift in Sources */ = {isa = PBXBuildFile; fileRef = 7F6F6A262A2E8521003F7DF2 /* SceneDelegate.swift */; };
		7F6F6A292A2E8521003F7DF2 /* ViewController.swift in Sources */ = {isa = PBXBuildFile; fileRef = 7F6F6A282A2E8521003F7DF2 /* ViewController.swift */; };
		7F6F6A2C2A2E8521003F7DF2 /* Main.storyboard in Resources */ = {isa = PBXBuildFile; fileRef = 7F6F6A2A2A2E8521003F7DF2 /* Main.storyboard */; };
		7F6F6A2E2A2E8522003F7DF2 /* Assets.xcassets in Resources */ = {isa = PBXBuildFile; fileRef = 7F6F6A2D2A2E8522003F7DF2 /* Assets.xcassets */; };
		7F6F6A312A2E8522003F7DF2 /* LaunchScreen.storyboard in Resources */ = {isa = PBXBuildFile; fileRef = 7F6F6A2F2A2E8522003F7DF2 /* LaunchScreen.storyboard */; };
		B978F30E2A2E8F4C0076D326 /* ClientView+ViewModel.swift in Sources */ = {isa = PBXBuildFile; fileRef = B978F2DA2A2E8F4C0076D326 /* ClientView+ViewModel.swift */; };
		B978F30F2A2E8F4C0076D326 /* ClientView.swift in Sources */ = {isa = PBXBuildFile; fileRef = B978F2DB2A2E8F4C0076D326 /* ClientView.swift */; };
		B978F3102A2E8F4C0076D326 /* PaymentView.swift in Sources */ = {isa = PBXBuildFile; fileRef = B978F2DD2A2E8F4C0076D326 /* PaymentView.swift */; };
		B978F3112A2E8F4C0076D326 /* PaymentView+ViewModel.swift in Sources */ = {isa = PBXBuildFile; fileRef = B978F2DE2A2E8F4C0076D326 /* PaymentView+ViewModel.swift */; };
		B978F3122A2E8F4C0076D326 /* BasicDatePicker.swift in Sources */ = {isa = PBXBuildFile; fileRef = B978F2E02A2E8F4C0076D326 /* BasicDatePicker.swift */; };
		B978F3132A2E8F4C0076D326 /* BasicDatePicker+ViewModel.swift in Sources */ = {isa = PBXBuildFile; fileRef = B978F2E12A2E8F4C0076D326 /* BasicDatePicker+ViewModel.swift */; };
		B978F3142A2E8F4C0076D326 /* BasicCell.swift in Sources */ = {isa = PBXBuildFile; fileRef = B978F2E32A2E8F4C0076D326 /* BasicCell.swift */; };
		B978F3152A2E8F4C0076D326 /* BasicButton+ViewModel.swift in Sources */ = {isa = PBXBuildFile; fileRef = B978F2E52A2E8F4C0076D326 /* BasicButton+ViewModel.swift */; };
		B978F3162A2E8F4C0076D326 /* BasicButton.swift in Sources */ = {isa = PBXBuildFile; fileRef = B978F2E62A2E8F4C0076D326 /* BasicButton.swift */; };
		B978F3172A2E8F4C0076D326 /* BasicLabel.swift in Sources */ = {isa = PBXBuildFile; fileRef = B978F2E82A2E8F4C0076D326 /* BasicLabel.swift */; };
		B978F3182A2E8F4C0076D326 /* BasicLabel+ViewModel.swift in Sources */ = {isa = PBXBuildFile; fileRef = B978F2E92A2E8F4C0076D326 /* BasicLabel+ViewModel.swift */; };
		B978F3192A2E8F4C0076D326 /* BasicSwitch+ViewModel.swift in Sources */ = {isa = PBXBuildFile; fileRef = B978F2EC2A2E8F4C0076D326 /* BasicSwitch+ViewModel.swift */; };
		B978F31A2A2E8F4C0076D326 /* BasicSwitch.swift in Sources */ = {isa = PBXBuildFile; fileRef = B978F2ED2A2E8F4C0076D326 /* BasicSwitch.swift */; };
		B978F31B2A2E8F4C0076D326 /* ErrorView+VeiwModel.swift in Sources */ = {isa = PBXBuildFile; fileRef = B978F2EF2A2E8F4C0076D326 /* ErrorView+VeiwModel.swift */; };
		B978F31C2A2E8F4C0076D326 /* ErrorView.swift in Sources */ = {isa = PBXBuildFile; fileRef = B978F2F02A2E8F4C0076D326 /* ErrorView.swift */; };
		B978F31D2A2E8F4C0076D326 /* BasicViewController.swift in Sources */ = {isa = PBXBuildFile; fileRef = B978F2F22A2E8F4C0076D326 /* BasicViewController.swift */; };
		B978F31E2A2E8F4C0076D326 /* BasicSearchField+ViewModel.swift in Sources */ = {isa = PBXBuildFile; fileRef = B978F2F42A2E8F4C0076D326 /* BasicSearchField+ViewModel.swift */; };
		B978F31F2A2E8F4C0076D326 /* BasicSearchField.swift in Sources */ = {isa = PBXBuildFile; fileRef = B978F2F52A2E8F4C0076D326 /* BasicSearchField.swift */; };
		B978F3202A2E8F4C0076D326 /* BasicView.swift in Sources */ = {isa = PBXBuildFile; fileRef = B978F2F72A2E8F4C0076D326 /* BasicView.swift */; };
		B978F3212A2E8F4C0076D326 /* BasicStackView.swift in Sources */ = {isa = PBXBuildFile; fileRef = B978F2F82A2E8F4C0076D326 /* BasicStackView.swift */; };
		B978F3222A2E8F4C0076D326 /* BasicInputView.swift in Sources */ = {isa = PBXBuildFile; fileRef = B978F2FA2A2E8F4C0076D326 /* BasicInputView.swift */; };
		B978F3232A2E8F4C0076D326 /* BasicInputView+ViewModel.swift in Sources */ = {isa = PBXBuildFile; fileRef = B978F2FB2A2E8F4C0076D326 /* BasicInputView+ViewModel.swift */; };
		B978F3242A2E8F4C0076D326 /* BasicList+ViewModel.swift in Sources */ = {isa = PBXBuildFile; fileRef = B978F2FD2A2E8F4C0076D326 /* BasicList+ViewModel.swift */; };
		B978F3252A2E8F4C0076D326 /* BasicList.swift in Sources */ = {isa = PBXBuildFile; fileRef = B978F2FE2A2E8F4C0076D326 /* BasicList.swift */; };
		B978F3262A2E8F4C0076D326 /* InfoView.swift in Sources */ = {isa = PBXBuildFile; fileRef = B978F3002A2E8F4C0076D326 /* InfoView.swift */; };
		B978F3272A2E8F4C0076D326 /* InfoView+ViewModel.swift in Sources */ = {isa = PBXBuildFile; fileRef = B978F3012A2E8F4C0076D326 /* InfoView+ViewModel.swift */; };
		B978F3282A2E8F4C0076D326 /* BasicSegmentView.swift in Sources */ = {isa = PBXBuildFile; fileRef = B978F3032A2E8F4C0076D326 /* BasicSegmentView.swift */; };
		B978F3292A2E8F4C0076D326 /* BasicSegment+ViewModel.swift in Sources */ = {isa = PBXBuildFile; fileRef = B978F3042A2E8F4C0076D326 /* BasicSegment+ViewModel.swift */; };
		B978F32A2A2E8F4C0076D326 /* RangeDatePicker+ViewModel.swift in Sources */ = {isa = PBXBuildFile; fileRef = B978F3062A2E8F4C0076D326 /* RangeDatePicker+ViewModel.swift */; };
		B978F32B2A2E8F4C0076D326 /* RangeDatePicker.swift in Sources */ = {isa = PBXBuildFile; fileRef = B978F3072A2E8F4C0076D326 /* RangeDatePicker.swift */; };
		B978F32C2A2E8F4C0076D326 /* TappableLabel.swift in Sources */ = {isa = PBXBuildFile; fileRef = B978F3092A2E8F4C0076D326 /* TappableLabel.swift */; };
		B978F32D2A2E8F4C0076D326 /* TappableLabel+ViewModel.swift in Sources */ = {isa = PBXBuildFile; fileRef = B978F30A2A2E8F4C0076D326 /* TappableLabel+ViewModel.swift */; };
		B978F32E2A2E8F4C0076D326 /* BasicTextField.swift in Sources */ = {isa = PBXBuildFile; fileRef = B978F30C2A2E8F4C0076D326 /* BasicTextField.swift */; };
		B978F32F2A2E8F4C0076D326 /* BasicTextField+ViewModel.swift in Sources */ = {isa = PBXBuildFile; fileRef = B978F30D2A2E8F4C0076D326 /* BasicTextField+ViewModel.swift */; };
		B978F3AC2A2E9D870076D326 /* TabBarController+ViewModel.swift in Sources */ = {isa = PBXBuildFile; fileRef = B978F38B2A2E9D870076D326 /* TabBarController+ViewModel.swift */; };
		B978F3AD2A2E9D870076D326 /* TabBarController.swift in Sources */ = {isa = PBXBuildFile; fileRef = B978F38C2A2E9D870076D326 /* TabBarController.swift */; };
		B978F3AE2A2E9D870076D326 /* UIView.swift in Sources */ = {isa = PBXBuildFile; fileRef = B978F38E2A2E9D870076D326 /* UIView.swift */; };
		B978F3AF2A2E9D870076D326 /* Publisher.swift in Sources */ = {isa = PBXBuildFile; fileRef = B978F3902A2E9D870076D326 /* Publisher.swift */; };
		B978F3B02A2E9D870076D326 /* Compine+Published.swift in Sources */ = {isa = PBXBuildFile; fileRef = B978F3912A2E9D870076D326 /* Compine+Published.swift */; };
		B978F3B12A2E9D870076D326 /* UIStackView.swift in Sources */ = {isa = PBXBuildFile; fileRef = B978F3922A2E9D870076D326 /* UIStackView.swift */; };
		B978F3B22A2E9D870076D326 /* UIColor.swift in Sources */ = {isa = PBXBuildFile; fileRef = B978F3932A2E9D870076D326 /* UIColor.swift */; };
		B978F3B32A2E9D870076D326 /* UIControl+Extension.swift in Sources */ = {isa = PBXBuildFile; fileRef = B978F3942A2E9D870076D326 /* UIControl+Extension.swift */; };
		B978F3B42A2E9D870076D326 /* NSObject.swift in Sources */ = {isa = PBXBuildFile; fileRef = B978F3952A2E9D870076D326 /* NSObject.swift */; };
		B978F3B52A2E9D870076D326 /* AttributedString+Extension.swift in Sources */ = {isa = PBXBuildFile; fileRef = B978F3962A2E9D870076D326 /* AttributedString+Extension.swift */; };
		B978F3B62A2E9D870076D326 /* DateFormatter+Extension.swift in Sources */ = {isa = PBXBuildFile; fileRef = B978F3972A2E9D870076D326 /* DateFormatter+Extension.swift */; };
		B978F3B72A2E9D870076D326 /* UITableView.swift in Sources */ = {isa = PBXBuildFile; fileRef = B978F3982A2E9D870076D326 /* UITableView.swift */; };
		B978F3B82A2E9D870076D326 /* String.swift in Sources */ = {isa = PBXBuildFile; fileRef = B978F3992A2E9D870076D326 /* String.swift */; };
		B978F3B92A2E9D870076D326 /* UIFont.swift in Sources */ = {isa = PBXBuildFile; fileRef = B978F39A2A2E9D870076D326 /* UIFont.swift */; };
		B978F3BA2A2E9D870076D326 /* Optional.swift in Sources */ = {isa = PBXBuildFile; fileRef = B978F39B2A2E9D870076D326 /* Optional.swift */; };
		B978F3BB2A2E9D870076D326 /* UIEdgeInsets.swift in Sources */ = {isa = PBXBuildFile; fileRef = B978F39C2A2E9D870076D326 /* UIEdgeInsets.swift */; };
		B978F3BC2A2E9D870076D326 /* BasicViewModel.swift in Sources */ = {isa = PBXBuildFile; fileRef = B978F39E2A2E9D870076D326 /* BasicViewModel.swift */; };
		B978F3BD2A2E9D870076D326 /* Assets.xcassets in Resources */ = {isa = PBXBuildFile; fileRef = B978F3A02A2E9D870076D326 /* Assets.xcassets */; };
		B978F3BE2A2E9D870076D326 /* Color.xcassets in Resources */ = {isa = PBXBuildFile; fileRef = B978F3A12A2E9D870076D326 /* Color.xcassets */; };
		B978F3BF2A2E9D870076D326 /* Validatable.swift in Sources */ = {isa = PBXBuildFile; fileRef = B978F3A42A2E9D870076D326 /* Validatable.swift */; };
		B978F3C02A2E9D870076D326 /* ValidationRule.swift in Sources */ = {isa = PBXBuildFile; fileRef = B978F3A52A2E9D870076D326 /* ValidationRule.swift */; };
		B978F3C12A2E9D870076D326 /* FormValidator.swift in Sources */ = {isa = PBXBuildFile; fileRef = B978F3A72A2E9D870076D326 /* FormValidator.swift */; };
		B978F3C22A2E9D870076D326 /* Enums.swift in Sources */ = {isa = PBXBuildFile; fileRef = B978F3A82A2E9D870076D326 /* Enums.swift */; };
		B978F3C32A2E9D870076D326 /* Typealiases.swift in Sources */ = {isa = PBXBuildFile; fileRef = B978F3A92A2E9D870076D326 /* Typealiases.swift */; };
		B978F3C42A2E9D870076D326 /* Routable.swift in Sources */ = {isa = PBXBuildFile; fileRef = B978F3AB2A2E9D870076D326 /* Routable.swift */; };
		B978F3C72A2E9DE80076D326 /* SnapKit in Frameworks */ = {isa = PBXBuildFile; productRef = B978F3C62A2E9DE80076D326 /* SnapKit */; };
/* End PBXBuildFile section */

/* Begin PBXFileReference section */
		7F5955EF2A2E8AD40062A85F /* Car.swift */ = {isa = PBXFileReference; lastKnownFileType = sourcecode.swift; path = Car.swift; sourceTree = "<group>"; };
		7F5955F62A2E8C200062A85F /* Document.swift */ = {isa = PBXFileReference; lastKnownFileType = sourcecode.swift; path = Document.swift; sourceTree = "<group>"; };
		7F5955FA2A2E8D420062A85F /* DocumentType.swift */ = {isa = PBXFileReference; lastKnownFileType = sourcecode.swift; path = DocumentType.swift; sourceTree = "<group>"; };
		7F5955FC2A2E92560062A85F /* Service.swift */ = {isa = PBXFileReference; lastKnownFileType = sourcecode.swift; path = Service.swift; sourceTree = "<group>"; };
		7F5955FE2A2E93BA0062A85F /* Record.swift */ = {isa = PBXFileReference; lastKnownFileType = sourcecode.swift; path = Record.swift; sourceTree = "<group>"; };
		7F5956002A2E95F10062A85F /* ServiceType.swift */ = {isa = PBXFileReference; lastKnownFileType = sourcecode.swift; path = ServiceType.swift; sourceTree = "<group>"; };
		7F6F6A212A2E8521003F7DF2 /* Garage.app */ = {isa = PBXFileReference; explicitFileType = wrapper.application; includeInIndex = 0; path = Garage.app; sourceTree = BUILT_PRODUCTS_DIR; };
		7F6F6A242A2E8521003F7DF2 /* AppDelegate.swift */ = {isa = PBXFileReference; lastKnownFileType = sourcecode.swift; path = AppDelegate.swift; sourceTree = "<group>"; };
		7F6F6A262A2E8521003F7DF2 /* SceneDelegate.swift */ = {isa = PBXFileReference; lastKnownFileType = sourcecode.swift; path = SceneDelegate.swift; sourceTree = "<group>"; };
		7F6F6A282A2E8521003F7DF2 /* ViewController.swift */ = {isa = PBXFileReference; lastKnownFileType = sourcecode.swift; path = ViewController.swift; sourceTree = "<group>"; };
		7F6F6A2B2A2E8521003F7DF2 /* Base */ = {isa = PBXFileReference; lastKnownFileType = file.storyboard; name = Base; path = Base.lproj/Main.storyboard; sourceTree = "<group>"; };
		7F6F6A2D2A2E8522003F7DF2 /* Assets.xcassets */ = {isa = PBXFileReference; lastKnownFileType = folder.assetcatalog; path = Assets.xcassets; sourceTree = "<group>"; };
		7F6F6A302A2E8522003F7DF2 /* Base */ = {isa = PBXFileReference; lastKnownFileType = file.storyboard; name = Base; path = Base.lproj/LaunchScreen.storyboard; sourceTree = "<group>"; };
		7F6F6A322A2E8522003F7DF2 /* Info.plist */ = {isa = PBXFileReference; lastKnownFileType = text.plist.xml; path = Info.plist; sourceTree = "<group>"; };
		B978F2DA2A2E8F4C0076D326 /* ClientView+ViewModel.swift */ = {isa = PBXFileReference; fileEncoding = 4; lastKnownFileType = sourcecode.swift; path = "ClientView+ViewModel.swift"; sourceTree = "<group>"; };
		B978F2DB2A2E8F4C0076D326 /* ClientView.swift */ = {isa = PBXFileReference; fileEncoding = 4; lastKnownFileType = sourcecode.swift; path = ClientView.swift; sourceTree = "<group>"; };
		B978F2DD2A2E8F4C0076D326 /* PaymentView.swift */ = {isa = PBXFileReference; fileEncoding = 4; lastKnownFileType = sourcecode.swift; path = PaymentView.swift; sourceTree = "<group>"; };
		B978F2DE2A2E8F4C0076D326 /* PaymentView+ViewModel.swift */ = {isa = PBXFileReference; fileEncoding = 4; lastKnownFileType = sourcecode.swift; path = "PaymentView+ViewModel.swift"; sourceTree = "<group>"; };
		B978F2E02A2E8F4C0076D326 /* BasicDatePicker.swift */ = {isa = PBXFileReference; fileEncoding = 4; lastKnownFileType = sourcecode.swift; path = BasicDatePicker.swift; sourceTree = "<group>"; };
		B978F2E12A2E8F4C0076D326 /* BasicDatePicker+ViewModel.swift */ = {isa = PBXFileReference; fileEncoding = 4; lastKnownFileType = sourcecode.swift; path = "BasicDatePicker+ViewModel.swift"; sourceTree = "<group>"; };
		B978F2E32A2E8F4C0076D326 /* BasicCell.swift */ = {isa = PBXFileReference; fileEncoding = 4; lastKnownFileType = sourcecode.swift; path = BasicCell.swift; sourceTree = "<group>"; };
		B978F2E52A2E8F4C0076D326 /* BasicButton+ViewModel.swift */ = {isa = PBXFileReference; fileEncoding = 4; lastKnownFileType = sourcecode.swift; path = "BasicButton+ViewModel.swift"; sourceTree = "<group>"; };
		B978F2E62A2E8F4C0076D326 /* BasicButton.swift */ = {isa = PBXFileReference; fileEncoding = 4; lastKnownFileType = sourcecode.swift; path = BasicButton.swift; sourceTree = "<group>"; };
		B978F2E82A2E8F4C0076D326 /* BasicLabel.swift */ = {isa = PBXFileReference; fileEncoding = 4; lastKnownFileType = sourcecode.swift; path = BasicLabel.swift; sourceTree = "<group>"; };
		B978F2E92A2E8F4C0076D326 /* BasicLabel+ViewModel.swift */ = {isa = PBXFileReference; fileEncoding = 4; lastKnownFileType = sourcecode.swift; path = "BasicLabel+ViewModel.swift"; sourceTree = "<group>"; };
		B978F2EC2A2E8F4C0076D326 /* BasicSwitch+ViewModel.swift */ = {isa = PBXFileReference; fileEncoding = 4; lastKnownFileType = sourcecode.swift; path = "BasicSwitch+ViewModel.swift"; sourceTree = "<group>"; };
		B978F2ED2A2E8F4C0076D326 /* BasicSwitch.swift */ = {isa = PBXFileReference; fileEncoding = 4; lastKnownFileType = sourcecode.swift; path = BasicSwitch.swift; sourceTree = "<group>"; };
		B978F2EF2A2E8F4C0076D326 /* ErrorView+VeiwModel.swift */ = {isa = PBXFileReference; fileEncoding = 4; lastKnownFileType = sourcecode.swift; path = "ErrorView+VeiwModel.swift"; sourceTree = "<group>"; };
		B978F2F02A2E8F4C0076D326 /* ErrorView.swift */ = {isa = PBXFileReference; fileEncoding = 4; lastKnownFileType = sourcecode.swift; path = ErrorView.swift; sourceTree = "<group>"; };
		B978F2F22A2E8F4C0076D326 /* BasicViewController.swift */ = {isa = PBXFileReference; fileEncoding = 4; lastKnownFileType = sourcecode.swift; path = BasicViewController.swift; sourceTree = "<group>"; };
		B978F2F42A2E8F4C0076D326 /* BasicSearchField+ViewModel.swift */ = {isa = PBXFileReference; fileEncoding = 4; lastKnownFileType = sourcecode.swift; path = "BasicSearchField+ViewModel.swift"; sourceTree = "<group>"; };
		B978F2F52A2E8F4C0076D326 /* BasicSearchField.swift */ = {isa = PBXFileReference; fileEncoding = 4; lastKnownFileType = sourcecode.swift; path = BasicSearchField.swift; sourceTree = "<group>"; };
		B978F2F72A2E8F4C0076D326 /* BasicView.swift */ = {isa = PBXFileReference; fileEncoding = 4; lastKnownFileType = sourcecode.swift; path = BasicView.swift; sourceTree = "<group>"; };
		B978F2F82A2E8F4C0076D326 /* BasicStackView.swift */ = {isa = PBXFileReference; fileEncoding = 4; lastKnownFileType = sourcecode.swift; path = BasicStackView.swift; sourceTree = "<group>"; };
		B978F2FA2A2E8F4C0076D326 /* BasicInputView.swift */ = {isa = PBXFileReference; fileEncoding = 4; lastKnownFileType = sourcecode.swift; path = BasicInputView.swift; sourceTree = "<group>"; };
		B978F2FB2A2E8F4C0076D326 /* BasicInputView+ViewModel.swift */ = {isa = PBXFileReference; fileEncoding = 4; lastKnownFileType = sourcecode.swift; path = "BasicInputView+ViewModel.swift"; sourceTree = "<group>"; };
		B978F2FD2A2E8F4C0076D326 /* BasicList+ViewModel.swift */ = {isa = PBXFileReference; fileEncoding = 4; lastKnownFileType = sourcecode.swift; path = "BasicList+ViewModel.swift"; sourceTree = "<group>"; };
		B978F2FE2A2E8F4C0076D326 /* BasicList.swift */ = {isa = PBXFileReference; fileEncoding = 4; lastKnownFileType = sourcecode.swift; path = BasicList.swift; sourceTree = "<group>"; };
		B978F3002A2E8F4C0076D326 /* InfoView.swift */ = {isa = PBXFileReference; fileEncoding = 4; lastKnownFileType = sourcecode.swift; path = InfoView.swift; sourceTree = "<group>"; };
		B978F3012A2E8F4C0076D326 /* InfoView+ViewModel.swift */ = {isa = PBXFileReference; fileEncoding = 4; lastKnownFileType = sourcecode.swift; path = "InfoView+ViewModel.swift"; sourceTree = "<group>"; };
		B978F3032A2E8F4C0076D326 /* BasicSegmentView.swift */ = {isa = PBXFileReference; fileEncoding = 4; lastKnownFileType = sourcecode.swift; path = BasicSegmentView.swift; sourceTree = "<group>"; };
		B978F3042A2E8F4C0076D326 /* BasicSegment+ViewModel.swift */ = {isa = PBXFileReference; fileEncoding = 4; lastKnownFileType = sourcecode.swift; path = "BasicSegment+ViewModel.swift"; sourceTree = "<group>"; };
		B978F3062A2E8F4C0076D326 /* RangeDatePicker+ViewModel.swift */ = {isa = PBXFileReference; fileEncoding = 4; lastKnownFileType = sourcecode.swift; path = "RangeDatePicker+ViewModel.swift"; sourceTree = "<group>"; };
		B978F3072A2E8F4C0076D326 /* RangeDatePicker.swift */ = {isa = PBXFileReference; fileEncoding = 4; lastKnownFileType = sourcecode.swift; path = RangeDatePicker.swift; sourceTree = "<group>"; };
		B978F3092A2E8F4C0076D326 /* TappableLabel.swift */ = {isa = PBXFileReference; fileEncoding = 4; lastKnownFileType = sourcecode.swift; path = TappableLabel.swift; sourceTree = "<group>"; };
		B978F30A2A2E8F4C0076D326 /* TappableLabel+ViewModel.swift */ = {isa = PBXFileReference; fileEncoding = 4; lastKnownFileType = sourcecode.swift; path = "TappableLabel+ViewModel.swift"; sourceTree = "<group>"; };
		B978F30C2A2E8F4C0076D326 /* BasicTextField.swift */ = {isa = PBXFileReference; fileEncoding = 4; lastKnownFileType = sourcecode.swift; path = BasicTextField.swift; sourceTree = "<group>"; };
		B978F30D2A2E8F4C0076D326 /* BasicTextField+ViewModel.swift */ = {isa = PBXFileReference; fileEncoding = 4; lastKnownFileType = sourcecode.swift; path = "BasicTextField+ViewModel.swift"; sourceTree = "<group>"; };
		B978F38B2A2E9D870076D326 /* TabBarController+ViewModel.swift */ = {isa = PBXFileReference; fileEncoding = 4; lastKnownFileType = sourcecode.swift; path = "TabBarController+ViewModel.swift"; sourceTree = "<group>"; };
		B978F38C2A2E9D870076D326 /* TabBarController.swift */ = {isa = PBXFileReference; fileEncoding = 4; lastKnownFileType = sourcecode.swift; path = TabBarController.swift; sourceTree = "<group>"; };
		B978F38E2A2E9D870076D326 /* UIView.swift */ = {isa = PBXFileReference; fileEncoding = 4; lastKnownFileType = sourcecode.swift; path = UIView.swift; sourceTree = "<group>"; };
		B978F3902A2E9D870076D326 /* Publisher.swift */ = {isa = PBXFileReference; fileEncoding = 4; lastKnownFileType = sourcecode.swift; path = Publisher.swift; sourceTree = "<group>"; };
		B978F3912A2E9D870076D326 /* Compine+Published.swift */ = {isa = PBXFileReference; fileEncoding = 4; lastKnownFileType = sourcecode.swift; path = "Compine+Published.swift"; sourceTree = "<group>"; };
		B978F3922A2E9D870076D326 /* UIStackView.swift */ = {isa = PBXFileReference; fileEncoding = 4; lastKnownFileType = sourcecode.swift; path = UIStackView.swift; sourceTree = "<group>"; };
		B978F3932A2E9D870076D326 /* UIColor.swift */ = {isa = PBXFileReference; fileEncoding = 4; lastKnownFileType = sourcecode.swift; path = UIColor.swift; sourceTree = "<group>"; };
		B978F3942A2E9D870076D326 /* UIControl+Extension.swift */ = {isa = PBXFileReference; fileEncoding = 4; lastKnownFileType = sourcecode.swift; path = "UIControl+Extension.swift"; sourceTree = "<group>"; };
		B978F3952A2E9D870076D326 /* NSObject.swift */ = {isa = PBXFileReference; fileEncoding = 4; lastKnownFileType = sourcecode.swift; path = NSObject.swift; sourceTree = "<group>"; };
		B978F3962A2E9D870076D326 /* AttributedString+Extension.swift */ = {isa = PBXFileReference; fileEncoding = 4; lastKnownFileType = sourcecode.swift; path = "AttributedString+Extension.swift"; sourceTree = "<group>"; };
		B978F3972A2E9D870076D326 /* DateFormatter+Extension.swift */ = {isa = PBXFileReference; fileEncoding = 4; lastKnownFileType = sourcecode.swift; path = "DateFormatter+Extension.swift"; sourceTree = "<group>"; };
		B978F3982A2E9D870076D326 /* UITableView.swift */ = {isa = PBXFileReference; fileEncoding = 4; lastKnownFileType = sourcecode.swift; path = UITableView.swift; sourceTree = "<group>"; };
		B978F3992A2E9D870076D326 /* String.swift */ = {isa = PBXFileReference; fileEncoding = 4; lastKnownFileType = sourcecode.swift; path = String.swift; sourceTree = "<group>"; };
		B978F39A2A2E9D870076D326 /* UIFont.swift */ = {isa = PBXFileReference; fileEncoding = 4; lastKnownFileType = sourcecode.swift; path = UIFont.swift; sourceTree = "<group>"; };
		B978F39B2A2E9D870076D326 /* Optional.swift */ = {isa = PBXFileReference; fileEncoding = 4; lastKnownFileType = sourcecode.swift; path = Optional.swift; sourceTree = "<group>"; };
		B978F39C2A2E9D870076D326 /* UIEdgeInsets.swift */ = {isa = PBXFileReference; fileEncoding = 4; lastKnownFileType = sourcecode.swift; path = UIEdgeInsets.swift; sourceTree = "<group>"; };
		B978F39E2A2E9D870076D326 /* BasicViewModel.swift */ = {isa = PBXFileReference; fileEncoding = 4; lastKnownFileType = sourcecode.swift; path = BasicViewModel.swift; sourceTree = "<group>"; };
		B978F3A02A2E9D870076D326 /* Assets.xcassets */ = {isa = PBXFileReference; lastKnownFileType = folder.assetcatalog; path = Assets.xcassets; sourceTree = "<group>"; };
		B978F3A12A2E9D870076D326 /* Color.xcassets */ = {isa = PBXFileReference; lastKnownFileType = folder.assetcatalog; path = Color.xcassets; sourceTree = "<group>"; };
		B978F3A42A2E9D870076D326 /* Validatable.swift */ = {isa = PBXFileReference; fileEncoding = 4; lastKnownFileType = sourcecode.swift; path = Validatable.swift; sourceTree = "<group>"; };
		B978F3A52A2E9D870076D326 /* ValidationRule.swift */ = {isa = PBXFileReference; fileEncoding = 4; lastKnownFileType = sourcecode.swift; path = ValidationRule.swift; sourceTree = "<group>"; };
		B978F3A72A2E9D870076D326 /* FormValidator.swift */ = {isa = PBXFileReference; fileEncoding = 4; lastKnownFileType = sourcecode.swift; path = FormValidator.swift; sourceTree = "<group>"; };
		B978F3A82A2E9D870076D326 /* Enums.swift */ = {isa = PBXFileReference; fileEncoding = 4; lastKnownFileType = sourcecode.swift; path = Enums.swift; sourceTree = "<group>"; };
		B978F3A92A2E9D870076D326 /* Typealiases.swift */ = {isa = PBXFileReference; fileEncoding = 4; lastKnownFileType = sourcecode.swift; path = Typealiases.swift; sourceTree = "<group>"; };
		B978F3AB2A2E9D870076D326 /* Routable.swift */ = {isa = PBXFileReference; fileEncoding = 4; lastKnownFileType = sourcecode.swift; path = Routable.swift; sourceTree = "<group>"; };
/* End PBXFileReference section */

/* Begin PBXFrameworksBuildPhase section */
		7F6F6A1E2A2E8521003F7DF2 /* Frameworks */ = {
			isa = PBXFrameworksBuildPhase;
			buildActionMask = 2147483647;
			files = (

				B978F3C72A2E9DE80076D326 /* SnapKit in Frameworks */,
				7F5955F52A2E8B210062A85F /* RealmSwift in Frameworks */,
				7F5955F32A2E8B210062A85F /* Realm in Frameworks */,

			);
			runOnlyForDeploymentPostprocessing = 0;
		};
/* End PBXFrameworksBuildPhase section */

/* Begin PBXGroup section */
		7F5955ED2A2E8ABB0062A85F /* Models */ = {
			isa = PBXGroup;
			children = (
				7F5955EE2A2E8AC50062A85F /* Realm */,
			);
			path = Models;
			sourceTree = "<group>";
		};
		7F5955EE2A2E8AC50062A85F /* Realm */ = {
			isa = PBXGroup;
			children = (
				7F5955EF2A2E8AD40062A85F /* Car.swift */,
				7F5955F62A2E8C200062A85F /* Document.swift */,
				7F5955FC2A2E92560062A85F /* Service.swift */,
				7F5955FE2A2E93BA0062A85F /* Record.swift */,
			);
			path = Realm;
			sourceTree = "<group>";
		};
		7F5955F82A2E8D320062A85F /* Common */ = {
			isa = PBXGroup;
			children = (
				7F5955F92A2E8D3B0062A85F /* Enums */,
			);
			path = Common;
			sourceTree = "<group>";
		};
		7F5955F92A2E8D3B0062A85F /* Enums */ = {
			isa = PBXGroup;
			children = (
				7F5955FA2A2E8D420062A85F /* DocumentType.swift */,
				7F5956002A2E95F10062A85F /* ServiceType.swift */,
			);
			path = Enums;
			sourceTree = "<group>";
		};
		7F6F6A182A2E8521003F7DF2 = {
			isa = PBXGroup;
			children = (
				7F6F6A232A2E8521003F7DF2 /* Garage */,
				7F6F6A222A2E8521003F7DF2 /* Products */,
			);
			sourceTree = "<group>";
		};
		7F6F6A222A2E8521003F7DF2 /* Products */ = {
			isa = PBXGroup;
			children = (
				7F6F6A212A2E8521003F7DF2 /* Garage.app */,
			);
			name = Products;
			sourceTree = "<group>";
		};
		7F6F6A232A2E8521003F7DF2 /* Garage */ = {
			isa = PBXGroup;
			children = (
				B978F3A22A2E9D870076D326 /* Common */,
				B978F38D2A2E9D870076D326 /* Extensions */,
				B978F39D2A2E9D870076D326 /* MVVM */,
				B978F39F2A2E9D870076D326 /* Resources */,
				B978F38A2A2E9D870076D326 /* TabBarController */,
				B978F2D72A2E8F4C0076D326 /* UIKit */,

				7F5955F82A2E8D320062A85F /* Common */,
				7F5955ED2A2E8ABB0062A85F /* Models */,

				7F6F6A242A2E8521003F7DF2 /* AppDelegate.swift */,
				7F6F6A262A2E8521003F7DF2 /* SceneDelegate.swift */,
				7F6F6A282A2E8521003F7DF2 /* ViewController.swift */,
				7F6F6A2A2A2E8521003F7DF2 /* Main.storyboard */,
				7F6F6A2D2A2E8522003F7DF2 /* Assets.xcassets */,
				7F6F6A2F2A2E8522003F7DF2 /* LaunchScreen.storyboard */,
				7F6F6A322A2E8522003F7DF2 /* Info.plist */,
			);
			path = Garage;
			sourceTree = "<group>";
		};
		B978F2D72A2E8F4C0076D326 /* UIKit */ = {
			isa = PBXGroup;
			children = (
				B978F3892A2E9CE00076D326 /* BasicChoiseView */,
				B978F2D82A2E8F4C0076D326 /* CellViews */,
				B978F2DF2A2E8F4C0076D326 /* BasicDatePicker */,
				B978F2E22A2E8F4C0076D326 /* BasicCell */,
				B978F2E42A2E8F4C0076D326 /* BasicButton */,
				B978F2E72A2E8F4C0076D326 /* BasicLabel */,
				B978F2EA2A2E8F4C0076D326 /* BasicSelectList */,
				B978F2EB2A2E8F4C0076D326 /* BasicSwitch */,
				B978F2EE2A2E8F4C0076D326 /* ErrorView */,
				B978F2F12A2E8F4C0076D326 /* Controller */,
				B978F2F32A2E8F4C0076D326 /* BasicSearchField */,
				B978F2F62A2E8F4C0076D326 /* View */,
				B978F2F92A2E8F4C0076D326 /* BasicInputView */,
				B978F2FC2A2E8F4C0076D326 /* BasiclList */,
				B978F2FF2A2E8F4C0076D326 /* InfoView */,
				B978F3022A2E8F4C0076D326 /* BasicSegmentView */,
				B978F3052A2E8F4C0076D326 /* RangeDatePicker */,
				B978F3082A2E8F4C0076D326 /* TappableLabel */,
				B978F30B2A2E8F4C0076D326 /* BasicTextField */,
			);
			path = UIKit;
			sourceTree = "<group>";
		};
		B978F2D82A2E8F4C0076D326 /* CellViews */ = {
			isa = PBXGroup;
			children = (
				B978F2D92A2E8F4C0076D326 /* ClientView */,
				B978F2DC2A2E8F4C0076D326 /* PaymentView */,
			);
			path = CellViews;
			sourceTree = "<group>";
		};
		B978F2D92A2E8F4C0076D326 /* ClientView */ = {
			isa = PBXGroup;
			children = (
				B978F2DA2A2E8F4C0076D326 /* ClientView+ViewModel.swift */,
				B978F2DB2A2E8F4C0076D326 /* ClientView.swift */,
			);
			path = ClientView;
			sourceTree = "<group>";
		};
		B978F2DC2A2E8F4C0076D326 /* PaymentView */ = {
			isa = PBXGroup;
			children = (
				B978F2DD2A2E8F4C0076D326 /* PaymentView.swift */,
				B978F2DE2A2E8F4C0076D326 /* PaymentView+ViewModel.swift */,
			);
			path = PaymentView;
			sourceTree = "<group>";
		};
		B978F2DF2A2E8F4C0076D326 /* BasicDatePicker */ = {
			isa = PBXGroup;
			children = (
				B978F2E02A2E8F4C0076D326 /* BasicDatePicker.swift */,
				B978F2E12A2E8F4C0076D326 /* BasicDatePicker+ViewModel.swift */,
			);
			path = BasicDatePicker;
			sourceTree = "<group>";
		};
		B978F2E22A2E8F4C0076D326 /* BasicCell */ = {
			isa = PBXGroup;
			children = (
				B978F2E32A2E8F4C0076D326 /* BasicCell.swift */,
			);
			path = BasicCell;
			sourceTree = "<group>";
		};
		B978F2E42A2E8F4C0076D326 /* BasicButton */ = {
			isa = PBXGroup;
			children = (
				B978F2E52A2E8F4C0076D326 /* BasicButton+ViewModel.swift */,
				B978F2E62A2E8F4C0076D326 /* BasicButton.swift */,
			);
			path = BasicButton;
			sourceTree = "<group>";
		};
		B978F2E72A2E8F4C0076D326 /* BasicLabel */ = {
			isa = PBXGroup;
			children = (
				B978F2E82A2E8F4C0076D326 /* BasicLabel.swift */,
				B978F2E92A2E8F4C0076D326 /* BasicLabel+ViewModel.swift */,
			);
			path = BasicLabel;
			sourceTree = "<group>";
		};
		B978F2EA2A2E8F4C0076D326 /* BasicSelectList */ = {
			isa = PBXGroup;
			children = (
			);
			path = BasicSelectList;
			sourceTree = "<group>";
		};
		B978F2EB2A2E8F4C0076D326 /* BasicSwitch */ = {
			isa = PBXGroup;
			children = (
				B978F2EC2A2E8F4C0076D326 /* BasicSwitch+ViewModel.swift */,
				B978F2ED2A2E8F4C0076D326 /* BasicSwitch.swift */,
			);
			path = BasicSwitch;
			sourceTree = "<group>";
		};
		B978F2EE2A2E8F4C0076D326 /* ErrorView */ = {
			isa = PBXGroup;
			children = (
				B978F2EF2A2E8F4C0076D326 /* ErrorView+VeiwModel.swift */,
				B978F2F02A2E8F4C0076D326 /* ErrorView.swift */,
			);
			path = ErrorView;
			sourceTree = "<group>";
		};
		B978F2F12A2E8F4C0076D326 /* Controller */ = {
			isa = PBXGroup;
			children = (
				B978F2F22A2E8F4C0076D326 /* BasicViewController.swift */,
			);
			path = Controller;
			sourceTree = "<group>";
		};
		B978F2F32A2E8F4C0076D326 /* BasicSearchField */ = {
			isa = PBXGroup;
			children = (
				B978F2F42A2E8F4C0076D326 /* BasicSearchField+ViewModel.swift */,
				B978F2F52A2E8F4C0076D326 /* BasicSearchField.swift */,
			);
			path = BasicSearchField;
			sourceTree = "<group>";
		};
		B978F2F62A2E8F4C0076D326 /* View */ = {
			isa = PBXGroup;
			children = (
				B978F2F72A2E8F4C0076D326 /* BasicView.swift */,
				B978F2F82A2E8F4C0076D326 /* BasicStackView.swift */,
			);
			path = View;
			sourceTree = "<group>";
		};
		B978F2F92A2E8F4C0076D326 /* BasicInputView */ = {
			isa = PBXGroup;
			children = (
				B978F2FA2A2E8F4C0076D326 /* BasicInputView.swift */,
				B978F2FB2A2E8F4C0076D326 /* BasicInputView+ViewModel.swift */,
			);
			path = BasicInputView;
			sourceTree = "<group>";
		};
		B978F2FC2A2E8F4C0076D326 /* BasiclList */ = {
			isa = PBXGroup;
			children = (
				B978F2FD2A2E8F4C0076D326 /* BasicList+ViewModel.swift */,
				B978F2FE2A2E8F4C0076D326 /* BasicList.swift */,
			);
			path = BasiclList;
			sourceTree = "<group>";
		};
		B978F2FF2A2E8F4C0076D326 /* InfoView */ = {
			isa = PBXGroup;
			children = (
				B978F3002A2E8F4C0076D326 /* InfoView.swift */,
				B978F3012A2E8F4C0076D326 /* InfoView+ViewModel.swift */,
			);
			path = InfoView;
			sourceTree = "<group>";
		};
		B978F3022A2E8F4C0076D326 /* BasicSegmentView */ = {
			isa = PBXGroup;
			children = (
				B978F3032A2E8F4C0076D326 /* BasicSegmentView.swift */,
				B978F3042A2E8F4C0076D326 /* BasicSegment+ViewModel.swift */,
			);
			path = BasicSegmentView;
			sourceTree = "<group>";
		};
		B978F3052A2E8F4C0076D326 /* RangeDatePicker */ = {
			isa = PBXGroup;
			children = (
				B978F3062A2E8F4C0076D326 /* RangeDatePicker+ViewModel.swift */,
				B978F3072A2E8F4C0076D326 /* RangeDatePicker.swift */,
			);
			path = RangeDatePicker;
			sourceTree = "<group>";
		};
		B978F3082A2E8F4C0076D326 /* TappableLabel */ = {
			isa = PBXGroup;
			children = (
				B978F3092A2E8F4C0076D326 /* TappableLabel.swift */,
				B978F30A2A2E8F4C0076D326 /* TappableLabel+ViewModel.swift */,
			);
			path = TappableLabel;
			sourceTree = "<group>";
		};
		B978F30B2A2E8F4C0076D326 /* BasicTextField */ = {
			isa = PBXGroup;
			children = (
				B978F30C2A2E8F4C0076D326 /* BasicTextField.swift */,
				B978F30D2A2E8F4C0076D326 /* BasicTextField+ViewModel.swift */,
			);
			path = BasicTextField;
			sourceTree = "<group>";
		};
		B978F3892A2E9CE00076D326 /* BasicChoiseView */ = {
			isa = PBXGroup;
			children = (
			);
			path = BasicChoiseView;
			sourceTree = "<group>";
		};
		B978F38A2A2E9D870076D326 /* TabBarController */ = {
			isa = PBXGroup;
			children = (
				B978F38B2A2E9D870076D326 /* TabBarController+ViewModel.swift */,
				B978F38C2A2E9D870076D326 /* TabBarController.swift */,
			);
			path = TabBarController;
			sourceTree = "<group>";
		};
		B978F38D2A2E9D870076D326 /* Extensions */ = {
			isa = PBXGroup;
			children = (
				B978F38E2A2E9D870076D326 /* UIView.swift */,
				B978F38F2A2E9D870076D326 /* Combine */,
				B978F3922A2E9D870076D326 /* UIStackView.swift */,
				B978F3932A2E9D870076D326 /* UIColor.swift */,
				B978F3942A2E9D870076D326 /* UIControl+Extension.swift */,
				B978F3952A2E9D870076D326 /* NSObject.swift */,
				B978F3962A2E9D870076D326 /* AttributedString+Extension.swift */,
				B978F3972A2E9D870076D326 /* DateFormatter+Extension.swift */,
				B978F3982A2E9D870076D326 /* UITableView.swift */,
				B978F3992A2E9D870076D326 /* String.swift */,
				B978F39A2A2E9D870076D326 /* UIFont.swift */,
				B978F39B2A2E9D870076D326 /* Optional.swift */,
				B978F39C2A2E9D870076D326 /* UIEdgeInsets.swift */,
			);
			path = Extensions;
			sourceTree = "<group>";
		};
		B978F38F2A2E9D870076D326 /* Combine */ = {
			isa = PBXGroup;
			children = (
				B978F3902A2E9D870076D326 /* Publisher.swift */,
				B978F3912A2E9D870076D326 /* Compine+Published.swift */,
			);
			path = Combine;
			sourceTree = "<group>";
		};
		B978F39D2A2E9D870076D326 /* MVVM */ = {
			isa = PBXGroup;
			children = (
				B978F39E2A2E9D870076D326 /* BasicViewModel.swift */,
			);
			path = MVVM;
			sourceTree = "<group>";
		};
		B978F39F2A2E9D870076D326 /* Resources */ = {
			isa = PBXGroup;
			children = (
				B978F3A02A2E9D870076D326 /* Assets.xcassets */,
				B978F3A12A2E9D870076D326 /* Color.xcassets */,
			);
			path = Resources;
			sourceTree = "<group>";
		};
		B978F3A22A2E9D870076D326 /* Common */ = {
			isa = PBXGroup;
			children = (
				B978F3A32A2E9D870076D326 /* Validator */,
				B978F3A62A2E9D870076D326 /* FormValidator */,
				B978F3A82A2E9D870076D326 /* Enums.swift */,
				B978F3A92A2E9D870076D326 /* Typealiases.swift */,
				B978F3AA2A2E9D870076D326 /* Protocols */,
			);
			path = Common;
			sourceTree = "<group>";
		};
		B978F3A32A2E9D870076D326 /* Validator */ = {
			isa = PBXGroup;
			children = (
				B978F3A42A2E9D870076D326 /* Validatable.swift */,
				B978F3A52A2E9D870076D326 /* ValidationRule.swift */,
			);
			path = Validator;
			sourceTree = "<group>";
		};
		B978F3A62A2E9D870076D326 /* FormValidator */ = {
			isa = PBXGroup;
			children = (
				B978F3A72A2E9D870076D326 /* FormValidator.swift */,
			);
			path = FormValidator;
			sourceTree = "<group>";
		};
		B978F3AA2A2E9D870076D326 /* Protocols */ = {
			isa = PBXGroup;
			children = (
				B978F3AB2A2E9D870076D326 /* Routable.swift */,
			);
			path = Protocols;
			sourceTree = "<group>";
		};
/* End PBXGroup section */

/* Begin PBXNativeTarget section */
		7F6F6A202A2E8521003F7DF2 /* Garage */ = {
			isa = PBXNativeTarget;
			buildConfigurationList = 7F6F6A352A2E8522003F7DF2 /* Build configuration list for PBXNativeTarget "Garage" */;
			buildPhases = (
				7F6F6A1D2A2E8521003F7DF2 /* Sources */,
				7F6F6A1E2A2E8521003F7DF2 /* Frameworks */,
				7F6F6A1F2A2E8521003F7DF2 /* Resources */,
			);
			buildRules = (
			);
			dependencies = (
			);
			name = Garage;
			packageProductDependencies = (
				B978F3C62A2E9DE80076D326 /* SnapKit */,
				7F5955F22A2E8B210062A85F /* Realm */,
				7F5955F42A2E8B210062A85F /* RealmSwift */,
			);
			productName = Garage;
			productReference = 7F6F6A212A2E8521003F7DF2 /* Garage.app */;
			productType = "com.apple.product-type.application";
		};
/* End PBXNativeTarget section */

/* Begin PBXProject section */
		7F6F6A192A2E8521003F7DF2 /* Project object */ = {
			isa = PBXProject;
			attributes = {
				BuildIndependentTargetsInParallel = 1;
				LastSwiftUpdateCheck = 1420;
				LastUpgradeCheck = 1420;
				TargetAttributes = {
					7F6F6A202A2E8521003F7DF2 = {
						CreatedOnToolsVersion = 14.2;
					};
				};
			};
			buildConfigurationList = 7F6F6A1C2A2E8521003F7DF2 /* Build configuration list for PBXProject "Garage" */;
			compatibilityVersion = "Xcode 14.0";
			developmentRegion = en;
			hasScannedForEncodings = 0;
			knownRegions = (
				en,
				Base,
			);
			mainGroup = 7F6F6A182A2E8521003F7DF2;
			packageReferences = (
				B978F3C52A2E9DE80076D326 /* XCRemoteSwiftPackageReference "SnapKit" */,
				7F5955F12A2E8B210062A85F /* XCRemoteSwiftPackageReference "realm-swift" */,
			);
			productRefGroup = 7F6F6A222A2E8521003F7DF2 /* Products */;
			projectDirPath = "";
			projectRoot = "";
			targets = (
				7F6F6A202A2E8521003F7DF2 /* Garage */,
			);
		};
/* End PBXProject section */

/* Begin PBXResourcesBuildPhase section */
		7F6F6A1F2A2E8521003F7DF2 /* Resources */ = {
			isa = PBXResourcesBuildPhase;
			buildActionMask = 2147483647;
			files = (
				7F6F6A312A2E8522003F7DF2 /* LaunchScreen.storyboard in Resources */,
				7F6F6A2E2A2E8522003F7DF2 /* Assets.xcassets in Resources */,
				B978F3BE2A2E9D870076D326 /* Color.xcassets in Resources */,
				B978F3BD2A2E9D870076D326 /* Assets.xcassets in Resources */,
				7F6F6A2C2A2E8521003F7DF2 /* Main.storyboard in Resources */,
			);
			runOnlyForDeploymentPostprocessing = 0;
		};
/* End PBXResourcesBuildPhase section */

/* Begin PBXSourcesBuildPhase section */
		7F6F6A1D2A2E8521003F7DF2 /* Sources */ = {
			isa = PBXSourcesBuildPhase;
			buildActionMask = 2147483647;
			files = (
				B978F3AE2A2E9D870076D326 /* UIView.swift in Sources */,
				B978F31A2A2E8F4C0076D326 /* BasicSwitch.swift in Sources */,
				B978F3B62A2E9D870076D326 /* DateFormatter+Extension.swift in Sources */,
				B978F3BA2A2E9D870076D326 /* Optional.swift in Sources */,
				B978F3142A2E8F4C0076D326 /* BasicCell.swift in Sources */,
				B978F3152A2E8F4C0076D326 /* BasicButton+ViewModel.swift in Sources */,
				B978F3112A2E8F4C0076D326 /* PaymentView+ViewModel.swift in Sources */,
				B978F3B52A2E9D870076D326 /* AttributedString+Extension.swift in Sources */,
				B978F31D2A2E8F4C0076D326 /* BasicViewController.swift in Sources */,
				7F5955FB2A2E8D420062A85F /* DocumentType.swift in Sources */,
				7F5955FD2A2E92560062A85F /* Service.swift in Sources */,

				7F6F6A292A2E8521003F7DF2 /* ViewController.swift in Sources */,
				B978F3C02A2E9D870076D326 /* ValidationRule.swift in Sources */,
				B978F3BF2A2E9D870076D326 /* Validatable.swift in Sources */,
				B978F3102A2E8F4C0076D326 /* PaymentView.swift in Sources */,
				B978F3292A2E8F4C0076D326 /* BasicSegment+ViewModel.swift in Sources */,
				B978F3AF2A2E9D870076D326 /* Publisher.swift in Sources */,
				B978F30F2A2E8F4C0076D326 /* ClientView.swift in Sources */,
				B978F3252A2E8F4C0076D326 /* BasicList.swift in Sources */,
				B978F32E2A2E8F4C0076D326 /* BasicTextField.swift in Sources */,
				B978F31C2A2E8F4C0076D326 /* ErrorView.swift in Sources */,
				B978F3C42A2E9D870076D326 /* Routable.swift in Sources */,
				B978F3162A2E8F4C0076D326 /* BasicButton.swift in Sources */,
				B978F3192A2E8F4C0076D326 /* BasicSwitch+ViewModel.swift in Sources */,
				B978F3B32A2E9D870076D326 /* UIControl+Extension.swift in Sources */,
				B978F3B12A2E9D870076D326 /* UIStackView.swift in Sources */,
				B978F3BB2A2E9D870076D326 /* UIEdgeInsets.swift in Sources */,
				B978F3212A2E8F4C0076D326 /* BasicStackView.swift in Sources */,
				B978F3282A2E8F4C0076D326 /* BasicSegmentView.swift in Sources */,
				B978F3222A2E8F4C0076D326 /* BasicInputView.swift in Sources */,
				B978F3242A2E8F4C0076D326 /* BasicList+ViewModel.swift in Sources */,
				B978F3132A2E8F4C0076D326 /* BasicDatePicker+ViewModel.swift in Sources */,
				B978F3BC2A2E9D870076D326 /* BasicViewModel.swift in Sources */,
				B978F3B42A2E9D870076D326 /* NSObject.swift in Sources */,
				B978F3272A2E8F4C0076D326 /* InfoView+ViewModel.swift in Sources */,
				B978F3AC2A2E9D870076D326 /* TabBarController+ViewModel.swift in Sources */,
				7F6F6A252A2E8521003F7DF2 /* AppDelegate.swift in Sources */,
				B978F31B2A2E8F4C0076D326 /* ErrorView+VeiwModel.swift in Sources */,
				B978F30E2A2E8F4C0076D326 /* ClientView+ViewModel.swift in Sources */,
				B978F3C12A2E9D870076D326 /* FormValidator.swift in Sources */,
				B978F3B02A2E9D870076D326 /* Compine+Published.swift in Sources */,
				B978F3202A2E8F4C0076D326 /* BasicView.swift in Sources */,
				B978F3B22A2E9D870076D326 /* UIColor.swift in Sources */,
				B978F3C32A2E9D870076D326 /* Typealiases.swift in Sources */,
				B978F3262A2E8F4C0076D326 /* InfoView.swift in Sources */,
				B978F3B92A2E9D870076D326 /* UIFont.swift in Sources */,
				B978F3182A2E8F4C0076D326 /* BasicLabel+ViewModel.swift in Sources */,
				B978F3AD2A2E9D870076D326 /* TabBarController.swift in Sources */,
				B978F31F2A2E8F4C0076D326 /* BasicSearchField.swift in Sources */,
				B978F32A2A2E8F4C0076D326 /* RangeDatePicker+ViewModel.swift in Sources */,
				B978F3C22A2E9D870076D326 /* Enums.swift in Sources */,
				B978F32C2A2E8F4C0076D326 /* TappableLabel.swift in Sources */,
				B978F32F2A2E8F4C0076D326 /* BasicTextField+ViewModel.swift in Sources */,
				B978F32B2A2E8F4C0076D326 /* RangeDatePicker.swift in Sources */,
				B978F3B82A2E9D870076D326 /* String.swift in Sources */,
				B978F3232A2E8F4C0076D326 /* BasicInputView+ViewModel.swift in Sources */,
				B978F31E2A2E8F4C0076D326 /* BasicSearchField+ViewModel.swift in Sources */,
				B978F3172A2E8F4C0076D326 /* BasicLabel.swift in Sources */,
				B978F32D2A2E8F4C0076D326 /* TappableLabel+ViewModel.swift in Sources */,
				B978F3122A2E8F4C0076D326 /* BasicDatePicker.swift in Sources */,
				7F5955F02A2E8AD40062A85F /* Car.swift in Sources */,
				7F6F6A272A2E8521003F7DF2 /* SceneDelegate.swift in Sources */,
				B978F3B72A2E9D870076D326 /* UITableView.swift in Sources */,
				7F5955FF2A2E93BA0062A85F /* Record.swift in Sources */,
				7F5955F72A2E8C200062A85F /* Document.swift in Sources */,
				7F5956012A2E95F10062A85F /* ServiceType.swift in Sources */,
			);
			runOnlyForDeploymentPostprocessing = 0;
		};
/* End PBXSourcesBuildPhase section */

/* Begin PBXVariantGroup section */
		7F6F6A2A2A2E8521003F7DF2 /* Main.storyboard */ = {
			isa = PBXVariantGroup;
			children = (
				7F6F6A2B2A2E8521003F7DF2 /* Base */,
			);
			name = Main.storyboard;
			sourceTree = "<group>";
		};
		7F6F6A2F2A2E8522003F7DF2 /* LaunchScreen.storyboard */ = {
			isa = PBXVariantGroup;
			children = (
				7F6F6A302A2E8522003F7DF2 /* Base */,
			);
			name = LaunchScreen.storyboard;
			sourceTree = "<group>";
		};
/* End PBXVariantGroup section */

/* Begin XCBuildConfiguration section */
		7F6F6A332A2E8522003F7DF2 /* Debug */ = {
			isa = XCBuildConfiguration;
			buildSettings = {
				ALWAYS_SEARCH_USER_PATHS = NO;
				CLANG_ANALYZER_NONNULL = YES;
				CLANG_ANALYZER_NUMBER_OBJECT_CONVERSION = YES_AGGRESSIVE;
				CLANG_CXX_LANGUAGE_STANDARD = "gnu++20";
				CLANG_ENABLE_MODULES = YES;
				CLANG_ENABLE_OBJC_ARC = YES;
				CLANG_ENABLE_OBJC_WEAK = YES;
				CLANG_WARN_BLOCK_CAPTURE_AUTORELEASING = YES;
				CLANG_WARN_BOOL_CONVERSION = YES;
				CLANG_WARN_COMMA = YES;
				CLANG_WARN_CONSTANT_CONVERSION = YES;
				CLANG_WARN_DEPRECATED_OBJC_IMPLEMENTATIONS = YES;
				CLANG_WARN_DIRECT_OBJC_ISA_USAGE = YES_ERROR;
				CLANG_WARN_DOCUMENTATION_COMMENTS = YES;
				CLANG_WARN_EMPTY_BODY = YES;
				CLANG_WARN_ENUM_CONVERSION = YES;
				CLANG_WARN_INFINITE_RECURSION = YES;
				CLANG_WARN_INT_CONVERSION = YES;
				CLANG_WARN_NON_LITERAL_NULL_CONVERSION = YES;
				CLANG_WARN_OBJC_IMPLICIT_RETAIN_SELF = YES;
				CLANG_WARN_OBJC_LITERAL_CONVERSION = YES;
				CLANG_WARN_OBJC_ROOT_CLASS = YES_ERROR;
				CLANG_WARN_QUOTED_INCLUDE_IN_FRAMEWORK_HEADER = YES;
				CLANG_WARN_RANGE_LOOP_ANALYSIS = YES;
				CLANG_WARN_STRICT_PROTOTYPES = YES;
				CLANG_WARN_SUSPICIOUS_MOVE = YES;
				CLANG_WARN_UNGUARDED_AVAILABILITY = YES_AGGRESSIVE;
				CLANG_WARN_UNREACHABLE_CODE = YES;
				CLANG_WARN__DUPLICATE_METHOD_MATCH = YES;
				COPY_PHASE_STRIP = NO;
				DEBUG_INFORMATION_FORMAT = dwarf;
				ENABLE_STRICT_OBJC_MSGSEND = YES;
				ENABLE_TESTABILITY = YES;
				GCC_C_LANGUAGE_STANDARD = gnu11;
				GCC_DYNAMIC_NO_PIC = NO;
				GCC_NO_COMMON_BLOCKS = YES;
				GCC_OPTIMIZATION_LEVEL = 0;
				GCC_PREPROCESSOR_DEFINITIONS = (
					"DEBUG=1",
					"$(inherited)",
				);
				GCC_WARN_64_TO_32_BIT_CONVERSION = YES;
				GCC_WARN_ABOUT_RETURN_TYPE = YES_ERROR;
				GCC_WARN_UNDECLARED_SELECTOR = YES;
				GCC_WARN_UNINITIALIZED_AUTOS = YES_AGGRESSIVE;
				GCC_WARN_UNUSED_FUNCTION = YES;
				GCC_WARN_UNUSED_VARIABLE = YES;
				IPHONEOS_DEPLOYMENT_TARGET = 16.2;
				MTL_ENABLE_DEBUG_INFO = INCLUDE_SOURCE;
				MTL_FAST_MATH = YES;
				ONLY_ACTIVE_ARCH = YES;
				SDKROOT = iphoneos;
				SWIFT_ACTIVE_COMPILATION_CONDITIONS = DEBUG;
				SWIFT_OPTIMIZATION_LEVEL = "-Onone";
			};
			name = Debug;
		};
		7F6F6A342A2E8522003F7DF2 /* Release */ = {
			isa = XCBuildConfiguration;
			buildSettings = {
				ALWAYS_SEARCH_USER_PATHS = NO;
				CLANG_ANALYZER_NONNULL = YES;
				CLANG_ANALYZER_NUMBER_OBJECT_CONVERSION = YES_AGGRESSIVE;
				CLANG_CXX_LANGUAGE_STANDARD = "gnu++20";
				CLANG_ENABLE_MODULES = YES;
				CLANG_ENABLE_OBJC_ARC = YES;
				CLANG_ENABLE_OBJC_WEAK = YES;
				CLANG_WARN_BLOCK_CAPTURE_AUTORELEASING = YES;
				CLANG_WARN_BOOL_CONVERSION = YES;
				CLANG_WARN_COMMA = YES;
				CLANG_WARN_CONSTANT_CONVERSION = YES;
				CLANG_WARN_DEPRECATED_OBJC_IMPLEMENTATIONS = YES;
				CLANG_WARN_DIRECT_OBJC_ISA_USAGE = YES_ERROR;
				CLANG_WARN_DOCUMENTATION_COMMENTS = YES;
				CLANG_WARN_EMPTY_BODY = YES;
				CLANG_WARN_ENUM_CONVERSION = YES;
				CLANG_WARN_INFINITE_RECURSION = YES;
				CLANG_WARN_INT_CONVERSION = YES;
				CLANG_WARN_NON_LITERAL_NULL_CONVERSION = YES;
				CLANG_WARN_OBJC_IMPLICIT_RETAIN_SELF = YES;
				CLANG_WARN_OBJC_LITERAL_CONVERSION = YES;
				CLANG_WARN_OBJC_ROOT_CLASS = YES_ERROR;
				CLANG_WARN_QUOTED_INCLUDE_IN_FRAMEWORK_HEADER = YES;
				CLANG_WARN_RANGE_LOOP_ANALYSIS = YES;
				CLANG_WARN_STRICT_PROTOTYPES = YES;
				CLANG_WARN_SUSPICIOUS_MOVE = YES;
				CLANG_WARN_UNGUARDED_AVAILABILITY = YES_AGGRESSIVE;
				CLANG_WARN_UNREACHABLE_CODE = YES;
				CLANG_WARN__DUPLICATE_METHOD_MATCH = YES;
				COPY_PHASE_STRIP = NO;
				DEBUG_INFORMATION_FORMAT = "dwarf-with-dsym";
				ENABLE_NS_ASSERTIONS = NO;
				ENABLE_STRICT_OBJC_MSGSEND = YES;
				GCC_C_LANGUAGE_STANDARD = gnu11;
				GCC_NO_COMMON_BLOCKS = YES;
				GCC_WARN_64_TO_32_BIT_CONVERSION = YES;
				GCC_WARN_ABOUT_RETURN_TYPE = YES_ERROR;
				GCC_WARN_UNDECLARED_SELECTOR = YES;
				GCC_WARN_UNINITIALIZED_AUTOS = YES_AGGRESSIVE;
				GCC_WARN_UNUSED_FUNCTION = YES;
				GCC_WARN_UNUSED_VARIABLE = YES;
				IPHONEOS_DEPLOYMENT_TARGET = 16.2;
				MTL_ENABLE_DEBUG_INFO = NO;
				MTL_FAST_MATH = YES;
				SDKROOT = iphoneos;
				SWIFT_COMPILATION_MODE = wholemodule;
				SWIFT_OPTIMIZATION_LEVEL = "-O";
				VALIDATE_PRODUCT = YES;
			};
			name = Release;
		};
		7F6F6A362A2E8522003F7DF2 /* Debug */ = {
			isa = XCBuildConfiguration;
			buildSettings = {
				ASSETCATALOG_COMPILER_APPICON_NAME = AppIcon;
				ASSETCATALOG_COMPILER_GLOBAL_ACCENT_COLOR_NAME = AccentColor;
				CODE_SIGN_STYLE = Automatic;
				CURRENT_PROJECT_VERSION = 1;
				DEVELOPMENT_TEAM = T8V9JXV542;
				GENERATE_INFOPLIST_FILE = YES;
				INFOPLIST_FILE = Garage/Info.plist;
				INFOPLIST_KEY_UIApplicationSupportsIndirectInputEvents = YES;
				INFOPLIST_KEY_UILaunchStoryboardName = LaunchScreen;
				INFOPLIST_KEY_UIMainStoryboardFile = Main;
				INFOPLIST_KEY_UISupportedInterfaceOrientations = UIInterfaceOrientationPortrait;
				LD_RUNPATH_SEARCH_PATHS = (
					"$(inherited)",
					"@executable_path/Frameworks",
				);
				MARKETING_VERSION = 1.0;
				PRODUCT_BUNDLE_IDENTIFIER = com.romanenko.Garage;
				PRODUCT_NAME = "$(TARGET_NAME)";
				SWIFT_EMIT_LOC_STRINGS = YES;
				SWIFT_VERSION = 5.0;
				TARGETED_DEVICE_FAMILY = "1,2";
			};
			name = Debug;
		};
		7F6F6A372A2E8522003F7DF2 /* Release */ = {
			isa = XCBuildConfiguration;
			buildSettings = {
				ASSETCATALOG_COMPILER_APPICON_NAME = AppIcon;
				ASSETCATALOG_COMPILER_GLOBAL_ACCENT_COLOR_NAME = AccentColor;
				CODE_SIGN_STYLE = Automatic;
				CURRENT_PROJECT_VERSION = 1;
				DEVELOPMENT_TEAM = T8V9JXV542;
				GENERATE_INFOPLIST_FILE = YES;
				INFOPLIST_FILE = Garage/Info.plist;
				INFOPLIST_KEY_UIApplicationSupportsIndirectInputEvents = YES;
				INFOPLIST_KEY_UILaunchStoryboardName = LaunchScreen;
				INFOPLIST_KEY_UIMainStoryboardFile = Main;
				INFOPLIST_KEY_UISupportedInterfaceOrientations = UIInterfaceOrientationPortrait;
				LD_RUNPATH_SEARCH_PATHS = (
					"$(inherited)",
					"@executable_path/Frameworks",
				);
				MARKETING_VERSION = 1.0;
				PRODUCT_BUNDLE_IDENTIFIER = com.romanenko.Garage;
				PRODUCT_NAME = "$(TARGET_NAME)";
				SWIFT_EMIT_LOC_STRINGS = YES;
				SWIFT_VERSION = 5.0;
				TARGETED_DEVICE_FAMILY = "1,2";
			};
			name = Release;
		};
/* End XCBuildConfiguration section */

/* Begin XCConfigurationList section */
		7F6F6A1C2A2E8521003F7DF2 /* Build configuration list for PBXProject "Garage" */ = {
			isa = XCConfigurationList;
			buildConfigurations = (
				7F6F6A332A2E8522003F7DF2 /* Debug */,
				7F6F6A342A2E8522003F7DF2 /* Release */,
			);
			defaultConfigurationIsVisible = 0;
			defaultConfigurationName = Release;
		};
		7F6F6A352A2E8522003F7DF2 /* Build configuration list for PBXNativeTarget "Garage" */ = {
			isa = XCConfigurationList;
			buildConfigurations = (
				7F6F6A362A2E8522003F7DF2 /* Debug */,
				7F6F6A372A2E8522003F7DF2 /* Release */,
			);
			defaultConfigurationIsVisible = 0;
			defaultConfigurationName = Release;
		};
/* End XCConfigurationList section */

/* Begin XCRemoteSwiftPackageReference section */

		B978F3C52A2E9DE80076D326 /* XCRemoteSwiftPackageReference "SnapKit" */ = {
			isa = XCRemoteSwiftPackageReference;
			repositoryURL = "https://github.com/SnapKit/SnapKit.git";
			requirement = {
				kind = upToNextMinorVersion;
				minimumVersion = 5.6.0;
    };
    };
		7F5955F12A2E8B210062A85F /* XCRemoteSwiftPackageReference "realm-swift" */ = {
			isa = XCRemoteSwiftPackageReference;
			repositoryURL = "https://github.com/realm/realm-swift.git";
			requirement = {
				branch = master;
				kind = branch;

			};
		};
/* End XCRemoteSwiftPackageReference section */

/* Begin XCSwiftPackageProductDependency section */
		B978F3C62A2E9DE80076D326 /* SnapKit */ = {
			isa = XCSwiftPackageProductDependency;
			package = B978F3C52A2E9DE80076D326 /* XCRemoteSwiftPackageReference "SnapKit" */;
			productName = SnapKit;
   };
		7F5955F22A2E8B210062A85F /* Realm */ = {
			isa = XCSwiftPackageProductDependency;
			package = 7F5955F12A2E8B210062A85F /* XCRemoteSwiftPackageReference "realm-swift" */;
			productName = Realm;
		};
		7F5955F42A2E8B210062A85F /* RealmSwift */ = {
			isa = XCSwiftPackageProductDependency;
			package = 7F5955F12A2E8B210062A85F /* XCRemoteSwiftPackageReference "realm-swift" */;
			productName = RealmSwift;
		};
/* End XCSwiftPackageProductDependency section */
	};
	rootObject = 7F6F6A192A2E8521003F7DF2 /* Project object */;
}
